
Microsoft Visual Studio Solution File, Format Version 12.00
# Visual Studio Version 17
VisualStudioVersion = 17.9.34728.123
MinimumVisualStudioVersion = 10.0.40219.1
Project("{8BC9CEB8-8B4A-11D0-8D11-00A0C91BC942}") = "DirectX_Project", "DirectX_Project.vcxproj", "{1CAF0B6F-95E6-4A79-8730-F6E9B9D9CFBD}"
EndProject
Global
	GlobalSection(SolutionConfigurationPlatforms) = preSolution
		Debug|x64 = Debug|x64
		Debug|x86 = Debug|x86
		Release|x64 = Release|x64
		Release|x86 = Release|x86
	EndGlobalSection
	GlobalSection(ProjectConfigurationPlatforms) = postSolution
		{1CAF0B6F-95E6-4A79-8730-F6E9B9D9CFBD}.Debug|x64.ActiveCfg = Debug|x64
		{1CAF0B6F-95E6-4A79-8730-F6E9B9D9CFBD}.Debug|x64.Build.0 = Debug|x64
		{1CAF0B6F-95E6-4A79-8730-F6E9B9D9CFBD}.Debug|x86.ActiveCfg = Debug|Win32
		{1CAF0B6F-95E6-4A79-8730-F6E9B9D9CFBD}.Debug|x86.Build.0 = Debug|Win32
		{1CAF0B6F-95E6-4A79-8730-F6E9B9D9CFBD}.Release|x64.ActiveCfg = Release|x64
		{1CAF0B6F-95E6-4A79-8730-F6E9B9D9CFBD}.Release|x64.Build.0 = Release|x64
		{1CAF0B6F-95E6-4A79-8730-F6E9B9D9CFBD}.Release|x86.ActiveCfg = Release|Win32
		{1CAF0B6F-95E6-4A79-8730-F6E9B9D9CFBD}.Release|x86.Build.0 = Release|Win32
	EndGlobalSection
	GlobalSection(SolutionProperties) = preSolution
		HideSolutionNode = FALSE
	EndGlobalSection
	GlobalSection(ExtensibilityGlobals) = postSolution
		SolutionGuid = {9296D9B6-122A-402A-A3F0-E992257411E2}
	EndGlobalSection
EndGlobal
