<?xml version="1.0" encoding="utf-8"?>
<Project ToolsVersion="4.0" xmlns="http://schemas.microsoft.com/developer/msbuild/2003">
  <ItemGroup>
    <Filter Include="Main">
      <UniqueIdentifier>{72f17a9a-3214-4c26-beca-5bdedf9ac1d3}</UniqueIdentifier>
    </Filter>
    <Filter Include="Converter">
      <UniqueIdentifier>{5f10984b-19ae-45bd-b2f4-20e0c9d7a0c3}</UniqueIdentifier>
    </Filter>
    <Filter Include="ETC">
      <UniqueIdentifier>{b84b296d-acfd-47ec-ae1c-bb1a611e830f}</UniqueIdentifier>
    </Filter>
  </ItemGroup>
  <ItemGroup>
    <ClInclude Include="Main.h">
      <Filter>Main</Filter>
    </ClInclude>
    <ClInclude Include="Converter.h">
      <Filter>Converter</Filter>
    </ClInclude>
    <ClInclude Include="Pch.h">
      <Filter>ETC</Filter>
    </ClInclude>
    <ClInclude Include="Types.h" />
  </ItemGroup>
  <ItemGroup>
    <ClCompile Include="Main.cpp">
      <Filter>Main</Filter>
    </ClCompile>
    <ClCompile Include="Converter.cpp">
      <Filter>Converter</Filter>
    </ClCompile>
    <ClCompile Include="Pch.cpp">
      <Filter>ETC</Filter>
    </ClCompile>
  </ItemGroup>
</Project>