<?xml version="1.0" encoding="utf-8"?>
<Project ToolsVersion="4.0" xmlns="http://schemas.microsoft.com/developer/msbuild/2003">
  <ItemGroup>
    <ClCompile Include="Framework.cpp" />
    <ClCompile Include="Systems\D3D.cpp">
      <Filter>Systems</Filter>
    </ClCompile>
    <ClCompile Include="Systems\Window.cpp">
      <Filter>Systems</Filter>
    </ClCompile>
    <ClCompile Include="Renders\Buffers.cpp">
      <Filter>Renders</Filter>
    </ClCompile>
    <ClCompile Include="Renders\Context.cpp">
      <Filter>Renders</Filter>
    </ClCompile>
    <ClCompile Include="Renders\Frame.cpp">
      <Filter>Renders</Filter>
    </ClCompile>
    <ClCompile Include="Renders\Lighting.cpp">
      <Filter>Renders</Filter>
    </ClCompile>
    <ClCompile Include="Renders\Material.cpp">
      <Filter>Renders</Filter>
    </ClCompile>
    <ClCompile Include="Renders\Projector.cpp">
      <Filter>Renders</Filter>
    </ClCompile>
    <ClCompile Include="Renders\Render2D.cpp">
      <Filter>Renders</Filter>
    </ClCompile>
    <ClCompile Include="Renders\Renderer.cpp">
      <Filter>Renders</Filter>
    </ClCompile>
    <ClCompile Include="Renders\Texture.cpp">
      <Filter>Renders</Filter>
    </ClCompile>
    <ClCompile Include="Renders\Transform.cpp">
      <Filter>Renders</Filter>
    </ClCompile>
    <ClCompile Include="Core\Color.cpp">
      <Filter>Core</Filter>
    </ClCompile>
    <ClCompile Include="Core\Math.cpp">
      <Filter>Core</Filter>
    </ClCompile>
    <ClCompile Include="Core\Matrix.cpp">
      <Filter>Core</Filter>
    </ClCompile>
    <ClCompile Include="Core\Plane.cpp">
      <Filter>Core</Filter>
    </ClCompile>
    <ClCompile Include="Core\Point.cpp">
      <Filter>Core</Filter>
    </ClCompile>
    <ClCompile Include="Core\Quaternion.cpp">
      <Filter>Core</Filter>
    </ClCompile>
    <ClCompile Include="Core\Vector.cpp">
      <Filter>Core</Filter>
    </ClCompile>
    <ClCompile Include="Core\Vector2D.cpp">
      <Filter>Core</Filter>
    </ClCompile>
    <ClCompile Include="Core\Vector4.cpp">
      <Filter>Core</Filter>
    </ClCompile>
    <ClCompile Include="Systems\Gui.cpp">
      <Filter>Systems</Filter>
    </ClCompile>
    <ClCompile Include="Systems\Keyboard.cpp">
      <Filter>Systems</Filter>
    </ClCompile>
    <ClCompile Include="Systems\Mouse.cpp">
      <Filter>Systems</Filter>
    </ClCompile>
    <ClCompile Include="Systems\Timer.cpp">
      <Filter>Systems</Filter>
    </ClCompile>
    <ClCompile Include="Environment\Rain.cpp">
      <Filter>Environment</Filter>
    </ClCompile>
    <ClCompile Include="Environment\Sky.cpp">
      <Filter>Environment</Filter>
    </ClCompile>
    <ClCompile Include="Environment\Snow.cpp">
      <Filter>Environment</Filter>
    </ClCompile>
    <ClCompile Include="Environment\Sun.cpp">
      <Filter>Environment</Filter>
    </ClCompile>
    <ClCompile Include="Environment\Terrain.cpp">
      <Filter>Environment</Filter>
    </ClCompile>
    <ClCompile Include="Model\AnimRender.cpp">
      <Filter>Model</Filter>
    </ClCompile>
    <ClCompile Include="Model\MeshRender.cpp">
      <Filter>Model</Filter>
    </ClCompile>
    <ClCompile Include="Model\ModelAnimation.cpp">
      <Filter>Model</Filter>
    </ClCompile>
    <ClCompile Include="Model\ModelBone.cpp">
      <Filter>Model</Filter>
    </ClCompile>
    <ClCompile Include="Model\ModelMesh.cpp">
      <Filter>Model</Filter>
    </ClCompile>
    <ClCompile Include="PostEffects\Bloom.cpp">
      <Filter>PostEffects</Filter>
    </ClCompile>
    <ClCompile Include="PostEffects\Blur.cpp">
      <Filter>PostEffects</Filter>
    </ClCompile>
    <ClCompile Include="PostEffects\PostEffect.cpp">
      <Filter>PostEffects</Filter>
    </ClCompile>
    <ClCompile Include="Utilities\BinaryFile.cpp">
      <Filter>Uilities</Filter>
    </ClCompile>
    <ClCompile Include="Utilities\Path.cpp">
      <Filter>Uilities</Filter>
    </ClCompile>
    <ClCompile Include="Utilities\String.cpp">
      <Filter>Uilities</Filter>
    </ClCompile>
    <ClCompile Include="Viewer\Camera.cpp">
      <Filter>VIewer</Filter>
    </ClCompile>
    <ClCompile Include="Viewer\DepthStencil.cpp">
      <Filter>VIewer</Filter>
    </ClCompile>
    <ClCompile Include="Viewer\RenderTarget.cpp">
      <Filter>VIewer</Filter>
    </ClCompile>
    <ClCompile Include="Viewer\Viewport.cpp">
      <Filter>VIewer</Filter>
    </ClCompile>
    <ClCompile Include="Renders\Shader.cpp">
      <Filter>Renders</Filter>
    </ClCompile>
  </ItemGroup>
  <ItemGroup>
    <ClInclude Include="Framework.h" />
    <ClInclude Include="Definitions.h" />
    <ClInclude Include="Systems\D3D.h">
      <Filter>Systems</Filter>
    </ClInclude>
    <ClInclude Include="Systems\IExecutable.h">
      <Filter>Systems</Filter>
    </ClInclude>
    <ClInclude Include="Systems\Window.h">
      <Filter>Systems</Filter>
    </ClInclude>
    <ClInclude Include="Renders\Shader.h">
      <Filter>Renders</Filter>
    </ClInclude>
    <ClInclude Include="Renders\Buffers.h">
      <Filter>Renders</Filter>
    </ClInclude>
    <ClInclude Include="Renders\Context.h">
      <Filter>Renders</Filter>
    </ClInclude>
    <ClInclude Include="Renders\Frame.h">
      <Filter>Renders</Filter>
    </ClInclude>
    <ClInclude Include="Renders\Lighting.h">
      <Filter>Renders</Filter>
    </ClInclude>
    <ClInclude Include="Renders\Material.h">
      <Filter>Renders</Filter>
    </ClInclude>
    <ClInclude Include="Renders\Projector.h">
      <Filter>Renders</Filter>
    </ClInclude>
    <ClInclude Include="Renders\Render2D.h">
      <Filter>Renders</Filter>
    </ClInclude>
    <ClInclude Include="Renders\Renderer.h">
      <Filter>Renders</Filter>
    </ClInclude>
    <ClInclude Include="Renders\Texture.h">
      <Filter>Renders</Filter>
    </ClInclude>
    <ClInclude Include="Renders\Transform.h">
      <Filter>Renders</Filter>
    </ClInclude>
    <ClInclude Include="Renders\VertexLayout.h">
      <Filter>Renders</Filter>
    </ClInclude>
    <ClInclude Include="Core\Color.h">
      <Filter>Core</Filter>
    </ClInclude>
    <ClInclude Include="Core\Math.h">
      <Filter>Core</Filter>
    </ClInclude>
    <ClInclude Include="Core\Matrix.h">
      <Filter>Core</Filter>
    </ClInclude>
    <ClInclude Include="Core\Plane.h">
      <Filter>Core</Filter>
    </ClInclude>
    <ClInclude Include="Core\Point.h">
      <Filter>Core</Filter>
    </ClInclude>
    <ClInclude Include="Core\Quaternion.h">
      <Filter>Core</Filter>
    </ClInclude>
    <ClInclude Include="Core\Vector.h">
      <Filter>Core</Filter>
    </ClInclude>
    <ClInclude Include="Core\Vector2D.h">
      <Filter>Core</Filter>
    </ClInclude>
    <ClInclude Include="Core\Vector4.h">
      <Filter>Core</Filter>
    </ClInclude>
    <ClInclude Include="Systems\Gui.h">
      <Filter>Systems</Filter>
    </ClInclude>
    <ClInclude Include="Systems\Keyboard.h">
      <Filter>Systems</Filter>
    </ClInclude>
    <ClInclude Include="Systems\Mouse.h">
      <Filter>Systems</Filter>
    </ClInclude>
    <ClInclude Include="Systems\Timer.h">
      <Filter>Systems</Filter>
    </ClInclude>
    <ClInclude Include="Environment\Rain.h">
      <Filter>Environment</Filter>
    </ClInclude>
    <ClInclude Include="Environment\Sky.h">
      <Filter>Environment</Filter>
    </ClInclude>
    <ClInclude Include="Environment\Snow.h">
      <Filter>Environment</Filter>
    </ClInclude>
    <ClInclude Include="Environment\Sun.h">
      <Filter>Environment</Filter>
    </ClInclude>
    <ClInclude Include="Environment\Terrain.h">
      <Filter>Environment</Filter>
    </ClInclude>
    <ClInclude Include="Model\AnimRender.h">
      <Filter>Model</Filter>
    </ClInclude>
    <ClInclude Include="Model\MeshRender.h">
      <Filter>Model</Filter>
    </ClInclude>
    <ClInclude Include="Model\ModelAnimation.h">
      <Filter>Model</Filter>
    </ClInclude>
    <ClInclude Include="Model\ModelBone.h">
      <Filter>Model</Filter>
    </ClInclude>
    <ClInclude Include="Model\ModelMesh.h">
      <Filter>Model</Filter>
    </ClInclude>
    <ClInclude Include="PostEffects\Bloom.h">
      <Filter>PostEffects</Filter>
    </ClInclude>
    <ClInclude Include="PostEffects\Blur.h">
      <Filter>PostEffects</Filter>
    </ClInclude>
    <ClInclude Include="PostEffects\PostEffect.h">
      <Filter>PostEffects</Filter>
    </ClInclude>
    <ClInclude Include="Utilities\BinaryFile.h">
      <Filter>Uilities</Filter>
    </ClInclude>
    <ClInclude Include="Utilities\Path.h">
      <Filter>Uilities</Filter>
    </ClInclude>
    <ClInclude Include="Utilities\String.h">
      <Filter>Uilities</Filter>
    </ClInclude>
    <ClInclude Include="Viewer\Camera.h">
      <Filter>VIewer</Filter>
    </ClInclude>
    <ClInclude Include="Viewer\DepthStencil.h">
      <Filter>VIewer</Filter>
    </ClInclude>
    <ClInclude Include="Viewer\RenderTarget.h">
      <Filter>VIewer</Filter>
    </ClInclude>
    <ClInclude Include="Viewer\Viewport.h">
      <Filter>VIewer</Filter>
    </ClInclude>
  </ItemGroup>
  <ItemGroup>
    <Filter Include="Systems">
      <UniqueIdentifier>{da19919c-9f70-41a3-98c2-3a4849100fe7}</UniqueIdentifier>
    </Filter>
    <Filter Include="Renders">
      <UniqueIdentifier>{92e88131-ab16-4258-a0e9-abe5d0602271}</UniqueIdentifier>
    </Filter>
    <Filter Include="Core">
      <UniqueIdentifier>{d226041d-96af-4f82-b49e-2ff5706abe78}</UniqueIdentifier>
    </Filter>
    <Filter Include="Environment">
      <UniqueIdentifier>{f4060708-4e21-46a1-9fb3-fbb716b368e2}</UniqueIdentifier>
    </Filter>
    <Filter Include="Model">
      <UniqueIdentifier>{dce4544d-fdeb-493a-ad76-444c81f96777}</UniqueIdentifier>
    </Filter>
    <Filter Include="PostEffects">
      <UniqueIdentifier>{6abe9bfe-0584-4e92-ac6c-b86b1cc8f948}</UniqueIdentifier>
    </Filter>
    <Filter Include="Uilities">
      <UniqueIdentifier>{7dbbe745-0cb8-4c4a-b780-391f94fd9a68}</UniqueIdentifier>
    </Filter>
    <Filter Include="VIewer">
      <UniqueIdentifier>{86808b59-7a94-4e82-b8f8-4f94cc9691c4}</UniqueIdentifier>
    </Filter>
  </ItemGroup>
</Project>